// !$*UTF8*$!
{
	archiveVersion = 1;
	classes = {
	};
	objectVersion = 77;
	objects = {

/* Begin PBXBuildFile section */
		A10000000000000000000001 = {isa = PBXBuildFile; fileRef = A10000000000000000000002; };
		8BB41D052E9D0E9C00EF6076 /* GymCount Watch App.app in Embed Watch Content */ = {isa = PBXBuildFile; fileRef = 8BB41D042E9D0E9C00EF6076 /* GymCount Watch App.app */; settings = {ATTRIBUTES = (RemoveHeadersOnCopy, ); }; };
/* End PBXBuildFile section */

/* Begin PBXContainerItemProxy section */
		8BB41D062E9D0E9C00EF6076 /* PBXContainerItemProxy */ = {
			isa = PBXContainerItemProxy;
			containerPortal = 8BB41CF82E9D0E9C00EF6076 /* Project object */;
			proxyType = 1;
			remoteGlobalIDString = 8BB41D032E9D0E9C00EF6076;
			remoteInfo = "GymCount Watch App";
		};
		8BB41D172E9D0E9D00EF6076 /* PBXContainerItemProxy */ = {
			isa = PBXContainerItemProxy;
			containerPortal = 8BB41CF82E9D0E9C00EF6076 /* Project object */;
			proxyType = 1;
			remoteGlobalIDString = 8BB41D032E9D0E9C00EF6076;
			remoteInfo = "GymCount Watch App";
		};
		8BB41D212E9D0E9D00EF6076 /* PBXContainerItemProxy */ = {
			isa = PBXContainerItemProxy;
			containerPortal = 8BB41CF82E9D0E9C00EF6076 /* Project object */;
			proxyType = 1;
			remoteGlobalIDString = 8BB41D032E9D0E9C00EF6076;
			remoteInfo = "GymCount Watch App";
		};
/* End PBXContainerItemProxy section */

/* Begin PBXCopyFilesBuildPhase section */
		8BB41D2D2E9D0E9D00EF6076 /* Embed Watch Content */ = {
			isa = PBXCopyFilesBuildPhase;
			buildActionMask = 2147483647;
			dstPath = "$(CONTENTS_FOLDER_PATH)/Watch";
			dstSubfolderSpec = 16;
			files = (
				8BB41D052E9D0E9C00EF6076 /* GymCount Watch App.app in Embed Watch Content */,
			);
			name = "Embed Watch Content";
			runOnlyForDeploymentPostprocessing = 0;
		};
/* End PBXCopyFilesBuildPhase section */

/* Begin PBXFileReference section */
		A10000000000000000000002 = {isa = PBXFileReference; lastKnownFileType = sourcecode.swift; path = "GymCount Watch App/Models.swift"; sourceTree = SOURCE_ROOT; };
		8BB41CFE2E9D0E9C00EF6076 /* GymCount.app */ = {isa = PBXFileReference; explicitFileType = wrapper.application; includeInIndex = 0; path = GymCount.app; sourceTree = BUILT_PRODUCTS_DIR; };
		8BB41D042E9D0E9C00EF6076 /* GymCount Watch App.app */ = {isa = PBXFileReference; explicitFileType = wrapper.application; includeInIndex = 0; path = "GymCount Watch App.app"; sourceTree = BUILT_PRODUCTS_DIR; };
		8BB41D162E9D0E9D00EF6076 /* GymCount Watch AppTests.xctest */ = {isa = PBXFileReference; explicitFileType = wrapper.cfbundle; includeInIndex = 0; path = "GymCount Watch AppTests.xctest"; sourceTree = BUILT_PRODUCTS_DIR; };
		8BB41D202E9D0E9D00EF6076 /* GymCount Watch AppUITests.xctest */ = {isa = PBXFileReference; explicitFileType = wrapper.cfbundle; includeInIndex = 0; path = "GymCount Watch AppUITests.xctest"; sourceTree = BUILT_PRODUCTS_DIR; };
/* End PBXFileReference section */

/* Begin PBXFileSystemSynchronizedRootGroup section */
		A10000000000000000000003 = {isa = PBXFileSystemSynchronizedRootGroup; path = "GymCount iOS"; sourceTree = "<group>"; };
		8BB41D082E9D0E9C00EF6076 /* GymCount Watch App */ = {
			isa = PBXFileSystemSynchronizedRootGroup;
			path = "GymCount Watch App";
			sourceTree = "<group>";
		};
		8BB41D192E9D0E9D00EF6076 /* GymCount Watch AppTests */ = {
			isa = PBXFileSystemSynchronizedRootGroup;
			path = "GymCount Watch AppTests";
			sourceTree = "<group>";
		};
		8BB41D232E9D0E9D00EF6076 /* GymCount Watch AppUITests */ = {
			isa = PBXFileSystemSynchronizedRootGroup;
			path = "GymCount Watch AppUITests";
			sourceTree = "<group>";
		};
/* End PBXFileSystemSynchronizedRootGroup section */

/* Begin PBXFrameworksBuildPhase section */
		8BB41D012E9D0E9C00EF6076 /* Frameworks */ = {
			isa = PBXFrameworksBuildPhase;
			buildActionMask = 2147483647;
			files = (
			);
			runOnlyForDeploymentPostprocessing = 0;
		};
		8BB41D132E9D0E9D00EF6076 /* Frameworks */ = {
			isa = PBXFrameworksBuildPhase;
			buildActionMask = 2147483647;
			files = (
			);
			runOnlyForDeploymentPostprocessing = 0;
		};
		8BB41D1D2E9D0E9D00EF6076 /* Frameworks */ = {
			isa = PBXFrameworksBuildPhase;
			buildActionMask = 2147483647;
			files = (
			);
			runOnlyForDeploymentPostprocessing = 0;
		};
/* End PBXFrameworksBuildPhase section */

/* Begin PBXGroup section */
		8BB41CF72E9D0E9C00EF6076 = {
			isa = PBXGroup;
			children = (
				A10000000000000000000003,
				A10000000000000000000002,
				8BB41D082E9D0E9C00EF6076 /* GymCount Watch App */,
				8BB41D192E9D0E9D00EF6076 /* GymCount Watch AppTests */,
				8BB41D232E9D0E9D00EF6076 /* GymCount Watch AppUITests */,
				8BB41CFF2E9D0E9C00EF6076 /* Products */,
			);
			sourceTree = "<group>";
		};
		8BB41CFF2E9D0E9C00EF6076 /* Products */ = {
			isa = PBXGroup;
			children = (
				8BB41CFE2E9D0E9C00EF6076 /* GymCount.app */,
				8BB41D042E9D0E9C00EF6076 /* GymCount Watch App.app */,
				8BB41D162E9D0E9D00EF6076 /* GymCount Watch AppTests.xctest */,
				8BB41D202E9D0E9D00EF6076 /* GymCount Watch AppUITests.xctest */,
			);
			name = Products;
			sourceTree = "<group>";
		};
/* End PBXGroup section */

/* Begin PBXNativeTarget section */
		8BB41CFD2E9D0E9C00EF6076 /* GymCount */ = {
			isa = PBXNativeTarget;
			buildConfigurationList = 8BB41D2E2E9D0E9D00EF6076 /* Build configuration list for PBXNativeTarget "GymCount" */;
			buildPhases = (
				8BB41CFC2E9D0E9C00EF6076 /* Resources */,
				8BB41D2D2E9D0E9D00EF6076 /* Embed Watch Content */,
			);
			buildRules = (
			);
			dependencies = (
				8BB41D072E9D0E9C00EF6076 /* PBXTargetDependency */,
			);
			name = GymCount;
			packageProductDependencies = (
			);
			productName = GymCount;
			productReference = 8BB41CFE2E9D0E9C00EF6076 /* GymCount.app */;
			productType = "com.apple.product-type.application.watchapp2-container";
		};
		8BB41D032E9D0E9C00EF6076 /* GymCount Watch App */ = {
			isa = PBXNativeTarget;
			buildConfigurationList = 8BB41D2A2E9D0E9D00EF6076 /* Build configuration list for PBXNativeTarget "GymCount Watch App" */;
			buildPhases = (
				8BB41D002E9D0E9C00EF6076 /* Sources */,
				8BB41D012E9D0E9C00EF6076 /* Frameworks */,
				8BB41D022E9D0E9C00EF6076 /* Resources */,
			);
			buildRules = (
			);
			dependencies = (
			);
			fileSystemSynchronizedGroups = (
				8BB41D082E9D0E9C00EF6076 /* GymCount Watch App */,
			);
			name = "GymCount Watch App";
			packageProductDependencies = (
			);
			productName = "GymCount Watch App";
			productReference = 8BB41D042E9D0E9C00EF6076 /* GymCount Watch App.app */;
			productType = "com.apple.product-type.application";
		};
		8BB41D152E9D0E9D00EF6076 /* GymCount Watch AppTests */ = {
			isa = PBXNativeTarget;
			buildConfigurationList = 8BB41D312E9D0E9D00EF6076 /* Build configuration list for PBXNativeTarget "GymCount Watch AppTests" */;
			buildPhases = (
				8BB41D122E9D0E9D00EF6076 /* Sources */,
				8BB41D132E9D0E9D00EF6076 /* Frameworks */,
				8BB41D142E9D0E9D00EF6076 /* Resources */,
			);
			buildRules = (
			);
			dependencies = (
				8BB41D182E9D0E9D00EF6076 /* PBXTargetDependency */,
			);
			fileSystemSynchronizedGroups = (
				8BB41D192E9D0E9D00EF6076 /* GymCount Watch AppTests */,
			);
			name = "GymCount Watch AppTests";
			packageProductDependencies = (
			);
			productName = "GymCount Watch AppTests";
			productReference = 8BB41D162E9D0E9D00EF6076 /* GymCount Watch AppTests.xctest */;
			productType = "com.apple.product-type.bundle.unit-test";
		};
		8BB41D1F2E9D0E9D00EF6076 /* GymCount Watch AppUITests */ = {
			isa = PBXNativeTarget;
			buildConfigurationList = 8BB41D342E9D0E9D00EF6076 /* Build configuration list for PBXNativeTarget "GymCount Watch AppUITests" */;
			buildPhases = (
				8BB41D1C2E9D0E9D00EF6076 /* Sources */,
				8BB41D1D2E9D0E9D00EF6076 /* Frameworks */,
				8BB41D1E2E9D0E9D00EF6076 /* Resources */,
			);
			buildRules = (
			);
			dependencies = (
				8BB41D222E9D0E9D00EF6076 /* PBXTargetDependency */,
			);
			fileSystemSynchronizedGroups = (
				8BB41D232E9D0E9D00EF6076 /* GymCount Watch AppUITests */,
			);
			name = "GymCount Watch AppUITests";
			packageProductDependencies = (
			);
			productName = "GymCount Watch AppUITests";
			productReference = 8BB41D202E9D0E9D00EF6076 /* GymCount Watch AppUITests.xctest */;
			productType = "com.apple.product-type.bundle.ui-testing";
		};
/* End PBXNativeTarget section */

/* Begin PBXProject section */
		8BB41CF82E9D0E9C00EF6076 /* Project object */ = {
			isa = PBXProject;
			attributes = {
				BuildIndependentTargetsInParallel = 1;
				LastSwiftUpdateCheck = 1620;
				LastUpgradeCheck = 1620;
				TargetAttributes = {
					8BB41CFD2E9D0E9C00EF6076 = {
						CreatedOnToolsVersion = 16.2;
					};
					8BB41D032E9D0E9C00EF6076 = {
						CreatedOnToolsVersion = 16.2;
					};
					8BB41D152E9D0E9D00EF6076 = {
						CreatedOnToolsVersion = 16.2;
						TestTargetID = 8BB41D032E9D0E9C00EF6076;
					};
					8BB41D1F2E9D0E9D00EF6076 = {
						CreatedOnToolsVersion = 16.2;
						TestTargetID = 8BB41D032E9D0E9C00EF6076;
					};
				};
			};
			buildConfigurationList = 8BB41CFB2E9D0E9C00EF6076 /* Build configuration list for PBXProject "GymCount" */;
			developmentRegion = en;
			hasScannedForEncodings = 0;
			knownRegions = (
				en,
				Base,
				"zh-Hans",
			);
			mainGroup = 8BB41CF72E9D0E9C00EF6076;
			minimizedProjectReferenceProxies = 1;
			preferredProjectObjectVersion = 77;
			productRefGroup = 8BB41CFF2E9D0E9C00EF6076 /* Products */;
			projectDirPath = "";
			projectRoot = "";
			targets = (
				8BB41CFD2E9D0E9C00EF6076 /* GymCount */,
				8BB41D032E9D0E9C00EF6076 /* GymCount Watch App */,
				8BB41D152E9D0E9D00EF6076 /* GymCount Watch AppTests */,
				8BB41D1F2E9D0E9D00EF6076 /* GymCount Watch AppUITests */,
			);
		};
/* End PBXProject section */

/* Begin PBXResourcesBuildPhase section */
		8BB41CFC2E9D0E9C00EF6076 /* Resources */ = {
			isa = PBXResourcesBuildPhase;
			buildActionMask = 2147483647;
			files = (
			);
			runOnlyForDeploymentPostprocessing = 0;
		};
		8BB41D022E9D0E9C00EF6076 /* Resources */ = {
			isa = PBXResourcesBuildPhase;
			buildActionMask = 2147483647;
			files = (
			);
			runOnlyForDeploymentPostprocessing = 0;
		};
		8BB41D142E9D0E9D00EF6076 /* Resources */ = {
			isa = PBXResourcesBuildPhase;
			buildActionMask = 2147483647;
			files = (
			);
			runOnlyForDeploymentPostprocessing = 0;
		};
		8BB41D1E2E9D0E9D00EF6076 /* Resources */ = {
			isa = PBXResourcesBuildPhase;
			buildActionMask = 2147483647;
			files = (
			);
			runOnlyForDeploymentPostprocessing = 0;
		};
/* End PBXResourcesBuildPhase section */

/* Begin PBXSourcesBuildPhase section */
		A10000000000000000000004 = {isa = PBXSourcesBuildPhase; buildActionMask = 2147483647; files = (A10000000000000000000001, ); runOnlyForDeploymentPostprocessing = 0; };
		8BB41D002E9D0E9C00EF6076 /* Sources */ = {
			isa = PBXSourcesBuildPhase;
			buildActionMask = 2147483647;
			files = (
			);
			runOnlyForDeploymentPostprocessing = 0;
		};
		8BB41D122E9D0E9D00EF6076 /* Sources */ = {
			isa = PBXSourcesBuildPhase;
			buildActionMask = 2147483647;
			files = (
			);
			runOnlyForDeploymentPostprocessing = 0;
		};
		8BB41D1C2E9D0E9D00EF6076 /* Sources */ = {
			isa = PBXSourcesBuildPhase;
			buildActionMask = 2147483647;
			files = (
			);
			runOnlyForDeploymentPostprocessing = 0;
		};
/* End PBXSourcesBuildPhase section */

/* Begin PBXTargetDependency section */
		8BB41D072E9D0E9C00EF6076 /* PBXTargetDependency */ = {
			isa = PBXTargetDependency;
			target = 8BB41D032E9D0E9C00EF6076 /* GymCount Watch App */;
			targetProxy = 8BB41D062E9D0E9C00EF6076 /* PBXContainerItemProxy */;
		};
		8BB41D182E9D0E9D00EF6076 /* PBXTargetDependency */ = {
			isa = PBXTargetDependency;
			target = 8BB41D032E9D0E9C00EF6076 /* GymCount Watch App */;
			targetProxy = 8BB41D172E9D0E9D00EF6076 /* PBXContainerItemProxy */;
		};
		8BB41D222E9D0E9D00EF6076 /* PBXTargetDependency */ = {
			isa = PBXTargetDependency;
			target = 8BB41D032E9D0E9C00EF6076 /* GymCount Watch App */;
			targetProxy = 8BB41D212E9D0E9D00EF6076 /* PBXContainerItemProxy */;
		};
/* End PBXTargetDependency section */

/* Begin XCBuildConfiguration section */
		8BB41D282E9D0E9D00EF6076 /* Debug */ = {
			isa = XCBuildConfiguration;
			buildSettings = {
				ALWAYS_SEARCH_USER_PATHS = NO;
				ASSETCATALOG_COMPILER_GENERATE_SWIFT_ASSET_SYMBOL_EXTENSIONS = YES;
				CLANG_ANALYZER_NONNULL = YES;
				CLANG_ANALYZER_NUMBER_OBJECT_CONVERSION = YES_AGGRESSIVE;
				CLANG_CXX_LANGUAGE_STANDARD = "gnu++20";
				CLANG_ENABLE_MODULES = YES;
				CLANG_ENABLE_OBJC_ARC = YES;
				CLANG_ENABLE_OBJC_WEAK = YES;
				CLANG_WARN_BLOCK_CAPTURE_AUTORELEASING = YES;
				CLANG_WARN_BOOL_CONVERSION = YES;
				CLANG_WARN_COMMA = YES;
				CLANG_WARN_CONSTANT_CONVERSION = YES;
				CLANG_WARN_DEPRECATED_OBJC_IMPLEMENTATIONS = YES;
				CLANG_WARN_DIRECT_OBJC_ISA_USAGE = YES_ERROR;
				CLANG_WARN_DOCUMENTATION_COMMENTS = YES;
				CLANG_WARN_EMPTY_BODY = YES;
				CLANG_WARN_ENUM_CONVERSION = YES;
				CLANG_WARN_INFINITE_RECURSION = YES;
				CLANG_WARN_INT_CONVERSION = YES;
				CLANG_WARN_NON_LITERAL_NULL_CONVERSION = YES;
				CLANG_WARN_OBJC_IMPLICIT_RETAIN_SELF = YES;
				CLANG_WARN_OBJC_LITERAL_CONVERSION = YES;
				CLANG_WARN_OBJC_ROOT_CLASS = YES_ERROR;
				CLANG_WARN_QUOTED_INCLUDE_IN_FRAMEWORK_HEADER = YES;
				CLANG_WARN_RANGE_LOOP_ANALYSIS = YES;
				CLANG_WARN_STRICT_PROTOTYPES = YES;
				CLANG_WARN_SUSPICIOUS_MOVE = YES;
				CLANG_WARN_UNGUARDED_AVAILABILITY = YES_AGGRESSIVE;
				CLANG_WARN_UNREACHABLE_CODE = YES;
				CLANG_WARN__DUPLICATE_METHOD_MATCH = YES;
				COPY_PHASE_STRIP = NO;
				DEBUG_INFORMATION_FORMAT = dwarf;
				ENABLE_STRICT_OBJC_MSGSEND = YES;
				ENABLE_TESTABILITY = YES;
				ENABLE_USER_SCRIPT_SANDBOXING = YES;
				GCC_C_LANGUAGE_STANDARD = gnu17;
				GCC_DYNAMIC_NO_PIC = NO;
				GCC_NO_COMMON_BLOCKS = YES;
				GCC_OPTIMIZATION_LEVEL = 0;
				GCC_PREPROCESSOR_DEFINITIONS = (
					"DEBUG=1",
					"$(inherited)",
				);
				GCC_WARN_64_TO_32_BIT_CONVERSION = YES;
				GCC_WARN_ABOUT_RETURN_TYPE = YES_ERROR;
				GCC_WARN_UNDECLARED_SELECTOR = YES;
				GCC_WARN_UNINITIALIZED_AUTOS = YES_AGGRESSIVE;
				GCC_WARN_UNUSED_FUNCTION = YES;
				GCC_WARN_UNUSED_VARIABLE = YES;
				LOCALIZATION_PREFERS_STRING_CATALOGS = YES;
				MTL_ENABLE_DEBUG_INFO = INCLUDE_SOURCE;
				MTL_FAST_MATH = YES;
				ONLY_ACTIVE_ARCH = YES;
				SWIFT_ACTIVE_COMPILATION_CONDITIONS = "DEBUG $(inherited)";
				SWIFT_OPTIMIZATION_LEVEL = "-Onone";
			};
			name = Debug;
		};
		8BB41D292E9D0E9D00EF6076 /* Release */ = {
			isa = XCBuildConfiguration;
			buildSettings = {
				ALWAYS_SEARCH_USER_PATHS = NO;
				ASSETCATALOG_COMPILER_GENERATE_SWIFT_ASSET_SYMBOL_EXTENSIONS = YES;
				CLANG_ANALYZER_NONNULL = YES;
				CLANG_ANALYZER_NUMBER_OBJECT_CONVERSION = YES_AGGRESSIVE;
				CLANG_CXX_LANGUAGE_STANDARD = "gnu++20";
				CLANG_ENABLE_MODULES = YES;
				CLANG_ENABLE_OBJC_ARC = YES;
				CLANG_ENABLE_OBJC_WEAK = YES;
				CLANG_WARN_BLOCK_CAPTURE_AUTORELEASING = YES;
				CLANG_WARN_BOOL_CONVERSION = YES;
				CLANG_WARN_COMMA = YES;
				CLANG_WARN_CONSTANT_CONVERSION = YES;
				CLANG_WARN_DEPRECATED_OBJC_IMPLEMENTATIONS = YES;
				CLANG_WARN_DIRECT_OBJC_ISA_USAGE = YES_ERROR;
				CLANG_WARN_DOCUMENTATION_COMMENTS = YES;
				CLANG_WARN_EMPTY_BODY = YES;
				CLANG_WARN_ENUM_CONVERSION = YES;
				CLANG_WARN_INFINITE_RECURSION = YES;
				CLANG_WARN_INT_CONVERSION = YES;
				CLANG_WARN_NON_LITERAL_NULL_CONVERSION = YES;
				CLANG_WARN_OBJC_IMPLICIT_RETAIN_SELF = YES;
				CLANG_WARN_OBJC_LITERAL_CONVERSION = YES;
				CLANG_WARN_OBJC_ROOT_CLASS = YES_ERROR;
				CLANG_WARN_QUOTED_INCLUDE_IN_FRAMEWORK_HEADER = YES;
				CLANG_WARN_RANGE_LOOP_ANALYSIS = YES;
				CLANG_WARN_STRICT_PROTOTYPES = YES;
				CLANG_WARN_SUSPICIOUS_MOVE = YES;
				CLANG_WARN_UNGUARDED_AVAILABILITY = YES_AGGRESSIVE;
				CLANG_WARN_UNREACHABLE_CODE = YES;
				CLANG_WARN__DUPLICATE_METHOD_MATCH = YES;
				COPY_PHASE_STRIP = NO;
				DEBUG_INFORMATION_FORMAT = "dwarf-with-dsym";
				ENABLE_NS_ASSERTIONS = NO;
				ENABLE_STRICT_OBJC_MSGSEND = YES;
				ENABLE_USER_SCRIPT_SANDBOXING = YES;
				GCC_C_LANGUAGE_STANDARD = gnu17;
				GCC_NO_COMMON_BLOCKS = YES;
				GCC_WARN_64_TO_32_BIT_CONVERSION = YES;
				GCC_WARN_ABOUT_RETURN_TYPE = YES_ERROR;
				GCC_WARN_UNDECLARED_SELECTOR = YES;
				GCC_WARN_UNINITIALIZED_AUTOS = YES_AGGRESSIVE;
				GCC_WARN_UNUSED_FUNCTION = YES;
				GCC_WARN_UNUSED_VARIABLE = YES;
				LOCALIZATION_PREFERS_STRING_CATALOGS = YES;
				MTL_ENABLE_DEBUG_INFO = NO;
				MTL_FAST_MATH = YES;
				SWIFT_COMPILATION_MODE = wholemodule;
			};
			name = Release;
		};
		8BB41D2B2E9D0E9D00EF6076 /* Debug */ = {
			isa = XCBuildConfiguration;
			buildSettings = {
				ASSETCATALOG_COMPILER_APPICON_NAME = AppIcon;
				ASSETCATALOG_COMPILER_GLOBAL_ACCENT_COLOR_NAME = AccentColor;
				CODE_SIGN_ENTITLEMENTS = "GymCount Watch App/GymCount Watch App.entitlements";
				CODE_SIGN_STYLE = Automatic;
				CURRENT_PROJECT_VERSION = 7;
				DEVELOPMENT_ASSET_PATHS = "\"GymCount Watch App/Preview Content\"";
				DEVELOPMENT_TEAM = 8BPSC5L74V;
				ENABLE_PREVIEWS = YES;
				GENERATE_INFOPLIST_FILE = YES;
				INFOPLIST_KEY_ITSAppUsesNonExemptEncryption = NO;
				INFOPLIST_FILE = "GymCount-Watch-App-Info.plist";
				INFOPLIST_KEY_CFBundleDisplayName = "";
				INFOPLIST_KEY_LSApplicationCategoryType = "public.app-category.healthcare-fitness";
				INFOPLIST_KEY_NSHealthShareUsageDescription = "GymCount needs access to your health data to sync workout records to Apple Watch activity rings, helping you better track your fitness progress.";
				INFOPLIST_KEY_NSHealthUpdateUsageDescription = "GymCount needs to write health data to sync your workout records to Apple Watch activity rings, including workout duration, calories burned, and other information.";
				INFOPLIST_KEY_NSHumanReadableCopyright = "";
				INFOPLIST_KEY_NSSiriUsageDescription = "Use Siri voice commands to start and stop workouts";
				INFOPLIST_KEY_UISupportedInterfaceOrientations = "UIInterfaceOrientationPortrait UIInterfaceOrientationPortraitUpsideDown";
				INFOPLIST_KEY_WKWatchOnly = YES;
				LD_RUNPATH_SEARCH_PATHS = (
					"$(inherited)",
					"@executable_path/Frameworks",
				);
				MARKETING_VERSION = 1.1.3;
				PRODUCT_BUNDLE_IDENTIFIER = com.flyingrtx.GymCount.watchkitapp;
				PRODUCT_NAME = "$(TARGET_NAME)";
				SDKROOT = watchos;
				SKIP_INSTALL = YES;
				SWIFT_EMIT_LOC_STRINGS = YES;
				SWIFT_VERSION = 5.0;
				TARGETED_DEVICE_FAMILY = 4;
				WATCHOS_DEPLOYMENT_TARGET = 11.2;
			};
			name = Debug;
		};
		8BB41D2C2E9D0E9D00EF6076 /* Release */ = {
			isa = XCBuildConfiguration;
			buildSettings = {
				ASSETCATALOG_COMPILER_APPICON_NAME = AppIcon;
				ASSETCATALOG_COMPILER_GLOBAL_ACCENT_COLOR_NAME = AccentColor;
				CODE_SIGN_ENTITLEMENTS = "GymCount Watch App/GymCount Watch App.entitlements";
				CODE_SIGN_STYLE = Automatic;
				CURRENT_PROJECT_VERSION = 7;
				DEVELOPMENT_ASSET_PATHS = "\"GymCount Watch App/Preview Content\"";
				DEVELOPMENT_TEAM = 8BPSC5L74V;
				ENABLE_PREVIEWS = YES;
				GENERATE_INFOPLIST_FILE = YES;
				INFOPLIST_KEY_ITSAppUsesNonExemptEncryption = NO;
				INFOPLIST_FILE = "GymCount-Watch-App-Info.plist";
				INFOPLIST_KEY_CFBundleDisplayName = "";
				INFOPLIST_KEY_LSApplicationCategoryType = "public.app-category.healthcare-fitness";
				INFOPLIST_KEY_NSHealthShareUsageDescription = "GymCount needs access to your health data to sync workout records to Apple Watch activity rings, helping you better track your fitness progress.";
				INFOPLIST_KEY_NSHealthUpdateUsageDescription = "GymCount needs to write health data to sync your workout records to Apple Watch activity rings, including workout duration, calories burned, and other information.";
				INFOPLIST_KEY_NSHumanReadableCopyright = "";
				INFOPLIST_KEY_NSSiriUsageDescription = "Use Siri voice commands to start and stop workouts";
				INFOPLIST_KEY_UISupportedInterfaceOrientations = "UIInterfaceOrientationPortrait UIInterfaceOrientationPortraitUpsideDown";
				INFOPLIST_KEY_WKWatchOnly = YES;
				LD_RUNPATH_SEARCH_PATHS = (
					"$(inherited)",
					"@executable_path/Frameworks",
				);
				MARKETING_VERSION = 1.1.3;
				PRODUCT_BUNDLE_IDENTIFIER = com.flyingrtx.GymCount.watchkitapp;
				PRODUCT_NAME = "$(TARGET_NAME)";
				SDKROOT = watchos;
				SKIP_INSTALL = YES;
				SWIFT_EMIT_LOC_STRINGS = YES;
				SWIFT_VERSION = 5.0;
				TARGETED_DEVICE_FAMILY = 4;
				VALIDATE_PRODUCT = YES;
				SWIFT_ACTIVE_COMPILATION_CONDITIONS = "$(inherited) GYMCOUNT_CAPTURE";
				WATCHOS_DEPLOYMENT_TARGET = 11.2;
			};
			name = Release;
		};
		8BB41D2F2E9D0E9D00EF6076 /* Debug */ = {
			isa = XCBuildConfiguration;
			buildSettings = {
				GENERATE_INFOPLIST_FILE = YES;
				INFOPLIST_KEY_ITSAppUsesNonExemptEncryption = NO;
				INFOPLIST_KEY_UIApplicationSceneManifest_Generation = YES;
				INFOPLIST_KEY_UILaunchScreen_Generation = YES;
				IPHONEOS_DEPLOYMENT_TARGET = 17.0;
				TARGETED_DEVICE_FAMILY = 1;
				CODE_SIGN_STYLE = Automatic;
				CURRENT_PROJECT_VERSION = 7;
				DEVELOPMENT_TEAM = 8BPSC5L74V;
				INFOPLIST_KEY_CFBundleDisplayName = GymCount;
				MARKETING_VERSION = 1.1.3;
				PRODUCT_BUNDLE_IDENTIFIER = com.flyingrtx.GymCount;
				PRODUCT_NAME = "$(TARGET_NAME)";
				SDKROOT = iphoneos;
				SWIFT_VERSION = 5.0;
			};
			name = Debug;
		};
		8BB41D302E9D0E9D00EF6076 /* Release */ = {
			isa = XCBuildConfiguration;
			buildSettings = {
				GENERATE_INFOPLIST_FILE = YES;
				INFOPLIST_KEY_ITSAppUsesNonExemptEncryption = NO;
				INFOPLIST_KEY_UIApplicationSceneManifest_Generation = YES;
				INFOPLIST_KEY_UILaunchScreen_Generation = YES;
				IPHONEOS_DEPLOYMENT_TARGET = 17.0;
				TARGETED_DEVICE_FAMILY = 1;
				CODE_SIGN_STYLE = Automatic;
				CURRENT_PROJECT_VERSION = 7;
				DEVELOPMENT_TEAM = 8BPSC5L74V;
				INFOPLIST_KEY_CFBundleDisplayName = GymCount;
				MARKETING_VERSION = 1.1.3;
				PRODUCT_BUNDLE_IDENTIFIER = com.flyingrtx.GymCount;
				PRODUCT_NAME = "$(TARGET_NAME)";
				SDKROOT = iphoneos;
				SWIFT_VERSION = 5.0;
				VALIDATE_PRODUCT = YES;
			};
			name = Release;
		};
		8BB41D322E9D0E9D00EF6076 /* Debug */ = {
			isa = XCBuildConfiguration;
			buildSettings = {
				BUNDLE_LOADER = "$(TEST_HOST)";
				CODE_SIGN_STYLE = Automatic;
				CURRENT_PROJECT_VERSION = 7;
				DEVELOPMENT_TEAM = 8BPSC5L74V;
				GENERATE_INFOPLIST_FILE = YES;
				INFOPLIST_KEY_ITSAppUsesNonExemptEncryption = NO;
				MARKETING_VERSION = 1.0;
				PRODUCT_BUNDLE_IDENTIFIER = "com.flyingrtx.GymCount-Watch-AppTests";
				PRODUCT_NAME = "$(TARGET_NAME)";
				SDKROOT = watchos;
				SWIFT_EMIT_LOC_STRINGS = NO;
				SWIFT_VERSION = 5.0;
				TARGETED_DEVICE_FAMILY = 4;
				TEST_HOST = "$(BUILT_PRODUCTS_DIR)/GymCount Watch App.app/$(BUNDLE_EXECUTABLE_FOLDER_PATH)/GymCount Watch App";
				WATCHOS_DEPLOYMENT_TARGET = 11.2;
			};
			name = Debug;
		};
		8BB41D332E9D0E9D00EF6076 /* Release */ = {
			isa = XCBuildConfiguration;
			buildSettings = {
				BUNDLE_LOADER = "$(TEST_HOST)";
				CODE_SIGN_STYLE = Automatic;
				CURRENT_PROJECT_VERSION = 7;
				DEVELOPMENT_TEAM = 8BPSC5L74V;
				GENERATE_INFOPLIST_FILE = YES;
				INFOPLIST_KEY_ITSAppUsesNonExemptEncryption = NO;
				MARKETING_VERSION = 1.0;
				PRODUCT_BUNDLE_IDENTIFIER = "com.flyingrtx.GymCount-Watch-AppTests";
				PRODUCT_NAME = "$(TARGET_NAME)";
				SDKROOT = watchos;
				SWIFT_EMIT_LOC_STRINGS = NO;
				SWIFT_VERSION = 5.0;
				TARGETED_DEVICE_FAMILY = 4;
				TEST_HOST = "$(BUILT_PRODUCTS_DIR)/GymCount Watch App.app/$(BUNDLE_EXECUTABLE_FOLDER_PATH)/GymCount Watch App";
				VALIDATE_PRODUCT = YES;
				WATCHOS_DEPLOYMENT_TARGET = 11.2;
			};
			name = Release;
		};
		8BB41D352E9D0E9D00EF6076 /* Debug */ = {
			isa = XCBuildConfiguration;
			buildSettings = {
				CODE_SIGN_STYLE = Automatic;
				CURRENT_PROJECT_VERSION = 7;
				DEVELOPMENT_TEAM = 8BPSC5L74V;
				GENERATE_INFOPLIST_FILE = YES;
				INFOPLIST_KEY_ITSAppUsesNonExemptEncryption = NO;
				MARKETING_VERSION = 1.0;
				PRODUCT_BUNDLE_IDENTIFIER = "com.flyingrtx.GymCount-Watch-AppUITests";
				PRODUCT_NAME = "$(TARGET_NAME)";
				SDKROOT = watchos;
				SWIFT_EMIT_LOC_STRINGS = NO;
				SWIFT_VERSION = 5.0;
				TARGETED_DEVICE_FAMILY = 4;
				TEST_TARGET_NAME = "GymCount Watch App";
				WATCHOS_DEPLOYMENT_TARGET = 11.2;
			};
			name = Debug;
		};
		8BB41D362E9D0E9D00EF6076 /* Release */ = {
			isa = XCBuildConfiguration;
			buildSettings = {
				CODE_SIGN_STYLE = Automatic;
				CURRENT_PROJECT_VERSION = 7;
				DEVELOPMENT_TEAM = 8BPSC5L74V;
				GENERATE_INFOPLIST_FILE = YES;
				INFOPLIST_KEY_ITSAppUsesNonExemptEncryption = NO;
				MARKETING_VERSION = 1.0;
				PRODUCT_BUNDLE_IDENTIFIER = "com.flyingrtx.GymCount-Watch-AppUITests";
				PRODUCT_NAME = "$(TARGET_NAME)";
				SDKROOT = watchos;
				SWIFT_EMIT_LOC_STRINGS = NO;
				SWIFT_VERSION = 5.0;
				TARGETED_DEVICE_FAMILY = 4;
				TEST_TARGET_NAME = "GymCount Watch App";
				VALIDATE_PRODUCT = YES;
				WATCHOS_DEPLOYMENT_TARGET = 11.2;
			};
			name = Release;
		};
/* End XCBuildConfiguration section */

/* Begin XCConfigurationList section */
		8BB41CFB2E9D0E9C00EF6076 /* Build configuration list for PBXProject "GymCount" */ = {
			isa = XCConfigurationList;
			buildConfigurations = (
				8BB41D282E9D0E9D00EF6076 /* Debug */,
				8BB41D292E9D0E9D00EF6076 /* Release */,
			);
			defaultConfigurationIsVisible = 0;
			defaultConfigurationName = Release;
		};
		8BB41D2A2E9D0E9D00EF6076 /* Build configuration list for PBXNativeTarget "GymCount Watch App" */ = {
			isa = XCConfigurationList;
			buildConfigurations = (
				8BB41D2B2E9D0E9D00EF6076 /* Debug */,
				8BB41D2C2E9D0E9D00EF6076 /* Release */,
			);
			defaultConfigurationIsVisible = 0;
			defaultConfigurationName = Release;
		};
		8BB41D2E2E9D0E9D00EF6076 /* Build configuration list for PBXNativeTarget "GymCount" */ = {
			isa = XCConfigurationList;
			buildConfigurations = (
				8BB41D2F2E9D0E9D00EF6076 /* Debug */,
				8BB41D302E9D0E9D00EF6076 /* Release */,
			);
			defaultConfigurationIsVisible = 0;
			defaultConfigurationName = Release;
		};
		8BB41D312E9D0E9D00EF6076 /* Build configuration list for PBXNativeTarget "GymCount Watch AppTests" */ = {
			isa = XCConfigurationList;
			buildConfigurations = (
				8BB41D322E9D0E9D00EF6076 /* Debug */,
				8BB41D332E9D0E9D00EF6076 /* Release */,
			);
			defaultConfigurationIsVisible = 0;
			defaultConfigurationName = Release;
		};
		8BB41D342E9D0E9D00EF6076 /* Build configuration list for PBXNativeTarget "GymCount Watch AppUITests" */ = {
			isa = XCConfigurationList;
			buildConfigurations = (
				8BB41D352E9D0E9D00EF6076 /* Debug */,
				8BB41D362E9D0E9D00EF6076 /* Release */,
			);
			defaultConfigurationIsVisible = 0;
			defaultConfigurationName = Release;
		};
/* End XCConfigurationList section */
	};
	rootObject = 8BB41CF82E9D0E9C00EF6076 /* Project object */;
}
